
Microsoft Visual Studio Solution File, Format Version 12.00
# Visual Studio Version 17
VisualStudioVersion = 17.4.33110.190
MinimumVisualStudioVersion = 10.0.40219.1
Project("{9A19103F-16F7-4668-BE54-9A1E7A4F7556}") = "ForzaVinylStudio", "src\ForzaVinylStudio.csproj", "{C9065432-8918-459D-B797-6D086B91511B}"
EndProject
Global
	GlobalSection(SolutionConfigurationPlatforms) = preSolution
		Debug|Any CPU = Debug|Any CPU
		Debug|x64 = Debug|x64
		Release|Any CPU = Release|Any CPU
		Release|x64 = Release|x64
	EndGlobalSection
	GlobalSection(ProjectConfigurationPlatforms) = postSolution
		{C9065432-8918-459D-B797-6D086B91511B}.Debug|Any CPU.ActiveCfg = Debug|x64
		{C9065432-8918-459D-B797-6D086B91511B}.Debug|x64.ActiveCfg = Debug|x64
		{C9065432-8918-459D-B797-6D086B91511B}.Debug|x64.Build.0 = Debug|x64
		{C9065432-8918-459D-B797-6D086B91511B}.Release|Any CPU.ActiveCfg = Release|x64
		{C9065432-8918-459D-B797-6D086B91511B}.Release|x64.ActiveCfg = Release|x64
		{C9065432-8918-459D-B797-6D086B91511B}.Release|x64.Build.0 = Release|x64
	EndGlobalSection
	GlobalSection(SolutionProperties) = preSolution
		HideSolutionNode = FALSE
	EndGlobalSection
	GlobalSection(ExtensibilityGlobals) = postSolution
		SolutionGuid = {0224E5F8-1F35-447B-99AC-B6CFB790DA41}
	EndGlobalSection
EndGlobal
